
Microsoft Visual Studio Solution File, Format Version 12.00
# Visual Studio 2012
Project("{8BC9CEB8-8B4A-11D0-8D11-00A0C91BC942}") = "13.5", "13.5\13.5.vcxproj", "{F515DBC1-3C6B-43A1-8F21-463F1AAA583F}"
EndProject
Global
	GlobalSection(SolutionConfigurationPlatforms) = preSolution
		Debug|Win32 = Debug|Win32
		Release|Win32 = Release|Win32
	EndGlobalSection
	GlobalSection(ProjectConfigurationPlatforms) = postSolution
		{F515DBC1-3C6B-43A1-8F21-463F1AAA583F}.Debug|Win32.ActiveCfg = Debug|Win32
		{F515DBC1-3C6B-43A1-8F21-463F1AAA583F}.Debug|Win32.Build.0 = Debug|Win32
		{F515DBC1-3C6B-43A1-8F21-463F1AAA583F}.Release|Win32.ActiveCfg = Release|Win32
		{F515DBC1-3C6B-43A1-8F21-463F1AAA583F}.Release|Win32.Build.0 = Release|Win32
	EndGlobalSection
	GlobalSection(SolutionProperties) = preSolution
		HideSolutionNode = FALSE
	EndGlobalSection
EndGlobal
